
Microsoft Visual Studio Solution File, Format Version 12.00
Project("{FAE04EC0-301F-11D3-BF4B-00C04F79EFBC}") = "ScoreManagementServer", "ScoreManagementServer\ScoreManagementServer.csproj", "{2783E871-3C11-4881-9342-86E6B268E37A}"
EndProject
Global
	GlobalSection(SolutionConfigurationPlatforms) = preSolution
		Debug|Any CPU = Debug|Any CPU
		Release|Any CPU = Release|Any CPU
	EndGlobalSection
	GlobalSection(ProjectConfigurationPlatforms) = postSolution
		{2783E871-3C11-4881-9342-86E6B268E37A}.Debug|Any CPU.ActiveCfg = Debug|Any CPU
		{2783E871-3C11-4881-9342-86E6B268E37A}.Debug|Any CPU.Build.0 = Debug|Any CPU
		{2783E871-3C11-4881-9342-86E6B268E37A}.Release|Any CPU.ActiveCfg = Release|Any CPU
		{2783E871-3C11-4881-9342-86E6B268E37A}.Release|Any CPU.Build.0 = Release|Any CPU
	EndGlobalSection
EndGlobal
